
Microsoft Visual Studio Solution File, Format Version 12.00
# Visual Studio Version 16
VisualStudioVersion = 16.0.30711.63
MinimumVisualStudioVersion = 10.0.40219.1
Project("{FAE04EC0-301F-11D3-BF4B-00C04F79EFBC}") = "ProjectAspNetCore", "ProjectAspNetCore\ProjectAspNetCore.csproj", "{8F0FCADF-3528-4CA3-AF13-A003723A92D9}"
EndProject
Global
	GlobalSection(SolutionConfigurationPlatforms) = preSolution
		Debug|Any CPU = Debug|Any CPU
		Release|Any CPU = Release|Any CPU
	EndGlobalSection
	GlobalSection(ProjectConfigurationPlatforms) = postSolution
		{8F0FCADF-3528-4CA3-AF13-A003723A92D9}.Debug|Any CPU.ActiveCfg = Debug|Any CPU
		{8F0FCADF-3528-4CA3-AF13-A003723A92D9}.Debug|Any CPU.Build.0 = Debug|Any CPU
		{8F0FCADF-3528-4CA3-AF13-A003723A92D9}.Release|Any CPU.ActiveCfg = Release|Any CPU
		{8F0FCADF-3528-4CA3-AF13-A003723A92D9}.Release|Any CPU.Build.0 = Release|Any CPU
	EndGlobalSection
	GlobalSection(SolutionProperties) = preSolution
		HideSolutionNode = FALSE
	EndGlobalSection
	GlobalSection(ExtensibilityGlobals) = postSolution
		SolutionGuid = {AE900577-456D-4F99-BF3E-C699488E799A}
	EndGlobalSection
EndGlobal
